{
  "nodes": {
    "nixpkgs": {
      "locked": {
        "lastModified": 1772379083,
        "narHash": "sha256-cz4VJjdf8uE1jOAk2qetq+BTCQ6cQLoBW5P3quhUA40=",
        "owner": "nixos",
        "repo": "nixpkgs",
        "rev": "0d0766353b70df7894bd506d2e89a7de727fa34d",
        "type": "github"
      },
      "original": {
        "owner": "nixos",
        "repo": "nixpkgs",
        "type": "github"
      }
    },
    "root": {
      "inputs": {
        "nixpkgs": "nixpkgs"
      }
    }
  },
  "root": "root",
  "version": 7
}
